<?xml version="1.0" encoding="utf-8"?>
<Project ToolsVersion="4.0" xmlns="http://schemas.microsoft.com/developer/msbuild/2003">
  <ItemGroup>
    <Filter Include="Quelldateien">
      <UniqueIdentifier>{4FC737F1-C7A5-4376-A066-2A32D752A2FF}</UniqueIdentifier>
      <Extensions>cpp;c;cc;cxx;def;odl;idl;hpj;bat;asm;asmx</Extensions>
    </Filter>
    <Filter Include="Headerdateien">
      <UniqueIdentifier>{93995380-89BD-4b04-88EB-625FBE52EBFB}</UniqueIdentifier>
      <Extensions>h;hpp;hxx;hm;inl;inc;xsd</Extensions>
    </Filter>
    <Filter Include="Ressourcendateien">
      <UniqueIdentifier>{67DA6AB6-F800-4c08-8B7A-83BB121AAD01}</UniqueIdentifier>
      <Extensions>rc;ico;cur;bmp;dlg;rc2;rct;bin;rgs;gif;jpg;jpeg;jpe;resx;tiff;tif;png;wav;mfcribbon-ms</Extensions>
    </Filter>
  </ItemGroup>
  <ItemGroup>
    <ClCompile Include="tinyxml2.cpp">
      <Filter>Quelldateien</Filter>
    </ClCompile>
    <ClCompile Include="main.cpp">
      <Filter>Quelldateien</Filter>
    </ClCompile>
    <ClCompile Include="Application.cpp">
      <Filter>Quelldateien</Filter>
    </ClCompile>
    <ClCompile Include="Exception.cpp">
      <Filter>Quelldateien</Filter>
    </ClCompile>
    <ClCompile Include="Simulation.cpp">
      <Filter>Quelldateien</Filter>
    </ClCompile>
    <ClCompile Include="SimulationTestscenario.cpp">
      <Filter>Quelldateien</Filter>
    </ClCompile>
    <ClCompile Include="Element.cpp">
      <Filter>Quelldateien</Filter>
    </ClCompile>
    <ClCompile Include="StateEvent.cpp">
      <Filter>Quelldateien</Filter>
    </ClCompile>
    <ClCompile Include="directory.cpp">
      <Filter>Quelldateien</Filter>
    </ClCompile>
    <ClCompile Include="VTKFile.cpp">
      <Filter>Quelldateien</Filter>
    </ClCompile>
    <ClCompile Include="Probe.cpp">
      <Filter>Quelldateien</Filter>
    </ClCompile>
    <ClCompile Include="SimulationVTKInput.cpp">
      <Filter>Quelldateien</Filter>
    </ClCompile>
    <ClCompile Include="RandomNumberGenerator.cpp">
      <Filter>Quelldateien</Filter>
    </ClCompile>
    <ClCompile Include="SpheruliteInfo.cpp">
      <Filter>Quelldateien</Filter>
    </ClCompile>
    <ClCompile Include="GrowthModel.cpp">
      <Filter>Quelldateien</Filter>
    </ClCompile>
    <ClCompile Include="NucleationModel.cpp">
      <Filter>Quelldateien</Filter>
    </ClCompile>
    <ClCompile Include="HashValue.cpp">
      <Filter>Quelldateien</Filter>
    </ClCompile>
    <ClCompile Include="SimulationComsolInput.cpp">
      <Filter>Quelldateien</Filter>
    </ClCompile>
    <ClCompile Include="SimulationInputFiles.cpp">
      <Filter>Quelldateien</Filter>
    </ClCompile>
    <ClCompile Include="ComsolFile.cpp">
      <Filter>Quelldateien</Filter>
    </ClCompile>
  </ItemGroup>
  <ItemGroup>
    <ClInclude Include="tinyxml2.h">
      <Filter>Headerdateien</Filter>
    </ClInclude>
    <ClInclude Include="Application.h">
      <Filter>Headerdateien</Filter>
    </ClInclude>
    <ClInclude Include="Exception.h">
      <Filter>Headerdateien</Filter>
    </ClInclude>
    <ClInclude Include="SimulationTestscenario.h">
      <Filter>Headerdateien</Filter>
    </ClInclude>
    <ClInclude Include="Element.h">
      <Filter>Headerdateien</Filter>
    </ClInclude>
    <ClInclude Include="StateEvent.h">
      <Filter>Headerdateien</Filter>
    </ClInclude>
    <ClInclude Include="EigenLibrary.h">
      <Filter>Headerdateien</Filter>
    </ClInclude>
    <ClInclude Include="BoundaryCondition.h">
      <Filter>Headerdateien</Filter>
    </ClInclude>
    <ClInclude Include="Interpolation.h">
      <Filter>Headerdateien</Filter>
    </ClInclude>
    <ClInclude Include="Simulation.h">
      <Filter>Headerdateien</Filter>
    </ClInclude>
    <ClInclude Include="directory.h">
      <Filter>Headerdateien</Filter>
    </ClInclude>
    <ClInclude Include="VTKFile.h">
      <Filter>Headerdateien</Filter>
    </ClInclude>
    <ClInclude Include="Probe.h">
      <Filter>Headerdateien</Filter>
    </ClInclude>
    <ClInclude Include="SimulationVTKInput.h">
      <Filter>Headerdateien</Filter>
    </ClInclude>
    <ClInclude Include="RandomNumberGenerator.h">
      <Filter>Headerdateien</Filter>
    </ClInclude>
    <ClInclude Include="SpheruliteInfo.h">
      <Filter>Headerdateien</Filter>
    </ClInclude>
    <ClInclude Include="GrowthModel.h">
      <Filter>Headerdateien</Filter>
    </ClInclude>
    <ClInclude Include="NucleationModel.h">
      <Filter>Headerdateien</Filter>
    </ClInclude>
    <ClInclude Include="DEIntegrationConstants.h">
      <Filter>Headerdateien</Filter>
    </ClInclude>
    <ClInclude Include="DEIntegrator.h">
      <Filter>Headerdateien</Filter>
    </ClInclude>
    <ClInclude Include="HashValue.h">
      <Filter>Headerdateien</Filter>
    </ClInclude>
    <ClInclude Include="Material.h">
      <Filter>Headerdateien</Filter>
    </ClInclude>
    <ClInclude Include="DisengagementTime.h">
      <Filter>Headerdateien</Filter>
    </ClInclude>
    <ClInclude Include="Cache.h">
      <Filter>Headerdateien</Filter>
    </ClInclude>
    <ClInclude Include="SimulationComsolInput.h">
      <Filter>Headerdateien</Filter>
    </ClInclude>
    <ClInclude Include="SimulationInputFiles.h">
      <Filter>Headerdateien</Filter>
    </ClInclude>
    <ClInclude Include="ComsolFile.h">
      <Filter>Headerdateien</Filter>
    </ClInclude>
    <ClInclude Include="Version.h">
      <Filter>Headerdateien</Filter>
    </ClInclude>
  </ItemGroup>
</Project>